
Microsoft Visual Studio Solution File, Format Version 12.00
# Visual Studio 15
VisualStudioVersion = 15.0.28307.489
MinimumVisualStudioVersion = 10.0.40219.1
Project("{E24C65DC-7377-472B-9ABA-BC803B73C61A}") = "Regestration Project", "http://localhost:50751", "{24B6C520-2AEE-45C1-931B-E024808D58AD}"
	ProjectSection(WebsiteProperties) = preProject
		UseIISExpress = "true"
		TargetFrameworkMoniker = ".NETFramework,Version%3Dv4.5"
		Debug.AspNetCompiler.VirtualPath = "/localhost_50751"
		Debug.AspNetCompiler.PhysicalPath = "..\..\..\Desktop\Regestration Project\"
		Debug.AspNetCompiler.TargetPath = "PrecompiledWeb\localhost_50751\"
		Debug.AspNetCompiler.Updateable = "true"
		Debug.AspNetCompiler.ForceOverwrite = "true"
		Debug.AspNetCompiler.FixedNames = "false"
		Debug.AspNetCompiler.Debug = "True"
		Release.AspNetCompiler.VirtualPath = "/localhost_50751"
		Release.AspNetCompiler.PhysicalPath = "..\..\..\Desktop\Regestration Project\"
		Release.AspNetCompiler.TargetPath = "PrecompiledWeb\localhost_50751\"
		Release.AspNetCompiler.Updateable = "true"
		Release.AspNetCompiler.ForceOverwrite = "true"
		Release.AspNetCompiler.FixedNames = "false"
		Release.AspNetCompiler.Debug = "False"
		SlnRelativePath = "..\..\..\Desktop\Regestration Project\"
	EndProjectSection
EndProject
Global
	GlobalSection(SolutionConfigurationPlatforms) = preSolution
		Debug|Any CPU = Debug|Any CPU
	EndGlobalSection
	GlobalSection(ProjectConfigurationPlatforms) = postSolution
		{24B6C520-2AEE-45C1-931B-E024808D58AD}.Debug|Any CPU.ActiveCfg = Debug|Any CPU
		{24B6C520-2AEE-45C1-931B-E024808D58AD}.Debug|Any CPU.Build.0 = Debug|Any CPU
	EndGlobalSection
	GlobalSection(SolutionProperties) = preSolution
		HideSolutionNode = FALSE
	EndGlobalSection
	GlobalSection(ExtensibilityGlobals) = postSolution
		SolutionGuid = {264DA6AF-72CB-4257-BF8A-A366D43A1FD6}
	EndGlobalSection
EndGlobal
